// !$*UTF8*$!
{
	archiveVersion = 1;
	classes = {
	};
	objectVersion = 50;
	objects = {

/* Begin PBXBuildFile section */
		5B9ECF622517FA5600F231DE /* AppDelegate.swift in Sources */ = {isa = PBXBuildFile; fileRef = 5B9ECF612517FA5600F231DE /* AppDelegate.swift */; };
		5B9ECF642517FA5600F231DE /* SceneDelegate.swift in Sources */ = {isa = PBXBuildFile; fileRef = 5B9ECF632517FA5600F231DE /* SceneDelegate.swift */; };
		5B9ECF692517FA5600F231DE /* Main.storyboard in Resources */ = {isa = PBXBuildFile; fileRef = 5B9ECF672517FA5600F231DE /* Main.storyboard */; };
		5B9ECF6B2517FA5900F231DE /* Assets.xcassets in Resources */ = {isa = PBXBuildFile; fileRef = 5B9ECF6A2517FA5900F231DE /* Assets.xcassets */; };
		5B9ECF6E2517FA5900F231DE /* LaunchScreen.storyboard in Resources */ = {isa = PBXBuildFile; fileRef = 5B9ECF6C2517FA5900F231DE /* LaunchScreen.storyboard */; };
		5B9ECF7C251802CA00F231DE /* FeedViewController.swift in Sources */ = {isa = PBXBuildFile; fileRef = 5B9ECF7B251802CA00F231DE /* FeedViewController.swift */; };
		5B9ECF7E2518032700F231DE /* CreatePostViewController.swift in Sources */ = {isa = PBXBuildFile; fileRef = 5B9ECF7D2518032700F231DE /* CreatePostViewController.swift */; };
		5B9ECF81251804EB00F231DE /* APIManager.swift in Sources */ = {isa = PBXBuildFile; fileRef = 5B9ECF80251804EB00F231DE /* APIManager.swift */; };
		5B9ECF842518050900F231DE /* Post.swift in Sources */ = {isa = PBXBuildFile; fileRef = 5B9ECF832518050900F231DE /* Post.swift */; };
		5B9ECF86251806B400F231DE /* PostTableViewCell.swift in Sources */ = {isa = PBXBuildFile; fileRef = 5B9ECF85251806B400F231DE /* PostTableViewCell.swift */; };
		5B9ECF8825180C5B00F231DE /* FeedViewModel.swift in Sources */ = {isa = PBXBuildFile; fileRef = 5B9ECF8725180C5B00F231DE /* FeedViewModel.swift */; };
		5B9ECF8B25181A6000F231DE /* Date+Extension.swift in Sources */ = {isa = PBXBuildFile; fileRef = 5B9ECF8A25181A6000F231DE /* Date+Extension.swift */; };
/* End PBXBuildFile section */

/* Begin PBXFileReference section */
		5B9ECF5E2517FA5600F231DE /* GorillaPost.app */ = {isa = PBXFileReference; explicitFileType = wrapper.application; includeInIndex = 0; path = GorillaPost.app; sourceTree = BUILT_PRODUCTS_DIR; };
		5B9ECF612517FA5600F231DE /* AppDelegate.swift */ = {isa = PBXFileReference; lastKnownFileType = sourcecode.swift; path = AppDelegate.swift; sourceTree = "<group>"; };
		5B9ECF632517FA5600F231DE /* SceneDelegate.swift */ = {isa = PBXFileReference; lastKnownFileType = sourcecode.swift; path = SceneDelegate.swift; sourceTree = "<group>"; };
		5B9ECF682517FA5600F231DE /* Base */ = {isa = PBXFileReference; lastKnownFileType = file.storyboard; name = Base; path = Base.lproj/Main.storyboard; sourceTree = "<group>"; };
		5B9ECF6A2517FA5900F231DE /* Assets.xcassets */ = {isa = PBXFileReference; lastKnownFileType = folder.assetcatalog; path = Assets.xcassets; sourceTree = "<group>"; };
		5B9ECF6D2517FA5900F231DE /* Base */ = {isa = PBXFileReference; lastKnownFileType = file.storyboard; name = Base; path = Base.lproj/LaunchScreen.storyboard; sourceTree = "<group>"; };
		5B9ECF6F2517FA5900F231DE /* Info.plist */ = {isa = PBXFileReference; lastKnownFileType = text.plist.xml; path = Info.plist; sourceTree = "<group>"; };
		5B9ECF7B251802CA00F231DE /* FeedViewController.swift */ = {isa = PBXFileReference; lastKnownFileType = sourcecode.swift; path = FeedViewController.swift; sourceTree = "<group>"; };
		5B9ECF7D2518032700F231DE /* CreatePostViewController.swift */ = {isa = PBXFileReference; lastKnownFileType = sourcecode.swift; path = CreatePostViewController.swift; sourceTree = "<group>"; };
		5B9ECF80251804EB00F231DE /* APIManager.swift */ = {isa = PBXFileReference; lastKnownFileType = sourcecode.swift; path = APIManager.swift; sourceTree = "<group>"; };
		5B9ECF832518050900F231DE /* Post.swift */ = {isa = PBXFileReference; lastKnownFileType = sourcecode.swift; path = Post.swift; sourceTree = "<group>"; };
		5B9ECF85251806B400F231DE /* PostTableViewCell.swift */ = {isa = PBXFileReference; lastKnownFileType = sourcecode.swift; path = PostTableViewCell.swift; sourceTree = "<group>"; };
		5B9ECF8725180C5B00F231DE /* FeedViewModel.swift */ = {isa = PBXFileReference; lastKnownFileType = sourcecode.swift; path = FeedViewModel.swift; sourceTree = "<group>"; };
		5B9ECF8A25181A6000F231DE /* Date+Extension.swift */ = {isa = PBXFileReference; lastKnownFileType = sourcecode.swift; path = "Date+Extension.swift"; sourceTree = "<group>"; };
/* End PBXFileReference section */

/* Begin PBXFrameworksBuildPhase section */
		5B9ECF5B2517FA5600F231DE /* Frameworks */ = {
			isa = PBXFrameworksBuildPhase;
			buildActionMask = 2147483647;
			files = (
			);
			runOnlyForDeploymentPostprocessing = 0;
		};
/* End PBXFrameworksBuildPhase section */

/* Begin PBXGroup section */
		5B9ECF552517FA5600F231DE = {
			isa = PBXGroup;
			children = (
				5B9ECF602517FA5600F231DE /* GorillaPost */,
				5B9ECF5F2517FA5600F231DE /* Products */,
			);
			sourceTree = "<group>";
		};
		5B9ECF5F2517FA5600F231DE /* Products */ = {
			isa = PBXGroup;
			children = (
				5B9ECF5E2517FA5600F231DE /* GorillaPost.app */,
			);
			name = Products;
			sourceTree = "<group>";
		};
		5B9ECF602517FA5600F231DE /* GorillaPost */ = {
			isa = PBXGroup;
			children = (
				5B9ECF8925181A5200F231DE /* Extensions */,
				5B9ECF82251804F800F231DE /* Model */,
				5B9ECF7F251804D900F231DE /* Network */,
				5B9ECF782518008100F231DE /* CreatePost */,
				5B9ECF752518004A00F231DE /* Feed */,
				5B9ECF612517FA5600F231DE /* AppDelegate.swift */,
				5B9ECF632517FA5600F231DE /* SceneDelegate.swift */,
				5B9ECF672517FA5600F231DE /* Main.storyboard */,
				5B9ECF6A2517FA5900F231DE /* Assets.xcassets */,
				5B9ECF6C2517FA5900F231DE /* LaunchScreen.storyboard */,
				5B9ECF6F2517FA5900F231DE /* Info.plist */,
			);
			path = GorillaPost;
			sourceTree = "<group>";
		};
		5B9ECF752518004A00F231DE /* Feed */ = {
			isa = PBXGroup;
			children = (
				5B9ECF762518005F00F231DE /* View */,
				5B9ECF772518007200F231DE /* ViewModel */,
			);
			path = Feed;
			sourceTree = "<group>";
		};
		5B9ECF762518005F00F231DE /* View */ = {
			isa = PBXGroup;
			children = (
				5B9ECF7B251802CA00F231DE /* FeedViewController.swift */,
				5B9ECF85251806B400F231DE /* PostTableViewCell.swift */,
			);
			path = View;
			sourceTree = "<group>";
		};
		5B9ECF772518007200F231DE /* ViewModel */ = {
			isa = PBXGroup;
			children = (
				5B9ECF8725180C5B00F231DE /* FeedViewModel.swift */,
			);
			path = ViewModel;
			sourceTree = "<group>";
		};
		5B9ECF782518008100F231DE /* CreatePost */ = {
			isa = PBXGroup;
			children = (
				5B9ECF792518008700F231DE /* View */,
				5B9ECF7A2518008A00F231DE /* ViewModel */,
			);
			path = CreatePost;
			sourceTree = "<group>";
		};
		5B9ECF792518008700F231DE /* View */ = {
			isa = PBXGroup;
			children = (
				5B9ECF7D2518032700F231DE /* CreatePostViewController.swift */,
			);
			path = View;
			sourceTree = "<group>";
		};
		5B9ECF7A2518008A00F231DE /* ViewModel */ = {
			isa = PBXGroup;
			children = (
			);
			path = ViewModel;
			sourceTree = "<group>";
		};
		5B9ECF7F251804D900F231DE /* Network */ = {
			isa = PBXGroup;
			children = (
				5B9ECF80251804EB00F231DE /* APIManager.swift */,
			);
			path = Network;
			sourceTree = "<group>";
		};
		5B9ECF82251804F800F231DE /* Model */ = {
			isa = PBXGroup;
			children = (
				5B9ECF832518050900F231DE /* Post.swift */,
			);
			path = Model;
			sourceTree = "<group>";
		};
		5B9ECF8925181A5200F231DE /* Extensions */ = {
			isa = PBXGroup;
			children = (
				5B9ECF8A25181A6000F231DE /* Date+Extension.swift */,
			);
			path = Extensions;
			sourceTree = "<group>";
		};
/* End PBXGroup section */

/* Begin PBXNativeTarget section */
		5B9ECF5D2517FA5600F231DE /* GorillaPost */ = {
			isa = PBXNativeTarget;
			buildConfigurationList = 5B9ECF722517FA5900F231DE /* Build configuration list for PBXNativeTarget "GorillaPost" */;
			buildPhases = (
				5B9ECF5A2517FA5600F231DE /* Sources */,
				5B9ECF5B2517FA5600F231DE /* Frameworks */,
				5B9ECF5C2517FA5600F231DE /* Resources */,
			);
			buildRules = (
			);
			dependencies = (
			);
			name = GorillaPost;
			productName = GorillaPost;
			productReference = 5B9ECF5E2517FA5600F231DE /* GorillaPost.app */;
			productType = "com.apple.product-type.application";
		};
/* End PBXNativeTarget section */

/* Begin PBXProject section */
		5B9ECF562517FA5600F231DE /* Project object */ = {
			isa = PBXProject;
			attributes = {
				LastSwiftUpdateCheck = 1170;
				LastUpgradeCheck = 1170;
				ORGANIZATIONNAME = "Diego Giraldo Gómez";
				TargetAttributes = {
					5B9ECF5D2517FA5600F231DE = {
						CreatedOnToolsVersion = 11.7;
					};
				};
			};
			buildConfigurationList = 5B9ECF592517FA5600F231DE /* Build configuration list for PBXProject "GorillaPost" */;
			compatibilityVersion = "Xcode 9.3";
			developmentRegion = en;
			hasScannedForEncodings = 0;
			knownRegions = (
				en,
				Base,
			);
			mainGroup = 5B9ECF552517FA5600F231DE;
			productRefGroup = 5B9ECF5F2517FA5600F231DE /* Products */;
			projectDirPath = "";
			projectRoot = "";
			targets = (
				5B9ECF5D2517FA5600F231DE /* GorillaPost */,
			);
		};
/* End PBXProject section */

/* Begin PBXResourcesBuildPhase section */
		5B9ECF5C2517FA5600F231DE /* Resources */ = {
			isa = PBXResourcesBuildPhase;
			buildActionMask = 2147483647;
			files = (
				5B9ECF6E2517FA5900F231DE /* LaunchScreen.storyboard in Resources */,
				5B9ECF6B2517FA5900F231DE /* Assets.xcassets in Resources */,
				5B9ECF692517FA5600F231DE /* Main.storyboard in Resources */,
			);
			runOnlyForDeploymentPostprocessing = 0;
		};
/* End PBXResourcesBuildPhase section */

/* Begin PBXSourcesBuildPhase section */
		5B9ECF5A2517FA5600F231DE /* Sources */ = {
			isa = PBXSourcesBuildPhase;
			buildActionMask = 2147483647;
			files = (
				5B9ECF86251806B400F231DE /* PostTableViewCell.swift in Sources */,
				5B9ECF8B25181A6000F231DE /* Date+Extension.swift in Sources */,
				5B9ECF81251804EB00F231DE /* APIManager.swift in Sources */,
				5B9ECF7E2518032700F231DE /* CreatePostViewController.swift in Sources */,
				5B9ECF622517FA5600F231DE /* AppDelegate.swift in Sources */,
				5B9ECF7C251802CA00F231DE /* FeedViewController.swift in Sources */,
				5B9ECF842518050900F231DE /* Post.swift in Sources */,
				5B9ECF8825180C5B00F231DE /* FeedViewModel.swift in Sources */,
				5B9ECF642517FA5600F231DE /* SceneDelegate.swift in Sources */,
			);
			runOnlyForDeploymentPostprocessing = 0;
		};
/* End PBXSourcesBuildPhase section */

/* Begin PBXVariantGroup section */
		5B9ECF672517FA5600F231DE /* Main.storyboard */ = {
			isa = PBXVariantGroup;
			children = (
				5B9ECF682517FA5600F231DE /* Base */,
			);
			name = Main.storyboard;
			sourceTree = "<group>";
		};
		5B9ECF6C2517FA5900F231DE /* LaunchScreen.storyboard */ = {
			isa = PBXVariantGroup;
			children = (
				5B9ECF6D2517FA5900F231DE /* Base */,
			);
			name = LaunchScreen.storyboard;
			sourceTree = "<group>";
		};
/* End PBXVariantGroup section */

/* Begin XCBuildConfiguration section */
		5B9ECF702517FA5900F231DE /* Debug */ = {
			isa = XCBuildConfiguration;
			buildSettings = {
				ALWAYS_SEARCH_USER_PATHS = NO;
				CLANG_ANALYZER_NONNULL = YES;
				CLANG_ANALYZER_NUMBER_OBJECT_CONVERSION = YES_AGGRESSIVE;
				CLANG_CXX_LANGUAGE_STANDARD = "gnu++14";
				CLANG_CXX_LIBRARY = "libc++";
				CLANG_ENABLE_MODULES = YES;
				CLANG_ENABLE_OBJC_ARC = YES;
				CLANG_ENABLE_OBJC_WEAK = YES;
				CLANG_WARN_BLOCK_CAPTURE_AUTORELEASING = YES;
				CLANG_WARN_BOOL_CONVERSION = YES;
				CLANG_WARN_COMMA = YES;
				CLANG_WARN_CONSTANT_CONVERSION = YES;
				CLANG_WARN_DEPRECATED_OBJC_IMPLEMENTATIONS = YES;
				CLANG_WARN_DIRECT_OBJC_ISA_USAGE = YES_ERROR;
				CLANG_WARN_DOCUMENTATION_COMMENTS = YES;
				CLANG_WARN_EMPTY_BODY = YES;
				CLANG_WARN_ENUM_CONVERSION = YES;
				CLANG_WARN_INFINITE_RECURSION = YES;
				CLANG_WARN_INT_CONVERSION = YES;
				CLANG_WARN_NON_LITERAL_NULL_CONVERSION = YES;
				CLANG_WARN_OBJC_IMPLICIT_RETAIN_SELF = YES;
				CLANG_WARN_OBJC_LITERAL_CONVERSION = YES;
				CLANG_WARN_OBJC_ROOT_CLASS = YES_ERROR;
				CLANG_WARN_RANGE_LOOP_ANALYSIS = YES;
				CLANG_WARN_STRICT_PROTOTYPES = YES;
				CLANG_WARN_SUSPICIOUS_MOVE = YES;
				CLANG_WARN_UNGUARDED_AVAILABILITY = YES_AGGRESSIVE;
				CLANG_WARN_UNREACHABLE_CODE = YES;
				CLANG_WARN__DUPLICATE_METHOD_MATCH = YES;
				COPY_PHASE_STRIP = NO;
				DEBUG_INFORMATION_FORMAT = dwarf;
				ENABLE_STRICT_OBJC_MSGSEND = YES;
				ENABLE_TESTABILITY = YES;
				GCC_C_LANGUAGE_STANDARD = gnu11;
				GCC_DYNAMIC_NO_PIC = NO;
				GCC_NO_COMMON_BLOCKS = YES;
				GCC_OPTIMIZATION_LEVEL = 0;
				GCC_PREPROCESSOR_DEFINITIONS = (
					"DEBUG=1",
					"$(inherited)",
				);
				GCC_WARN_64_TO_32_BIT_CONVERSION = YES;
				GCC_WARN_ABOUT_RETURN_TYPE = YES_ERROR;
				GCC_WARN_UNDECLARED_SELECTOR = YES;
				GCC_WARN_UNINITIALIZED_AUTOS = YES_AGGRESSIVE;
				GCC_WARN_UNUSED_FUNCTION = YES;
				GCC_WARN_UNUSED_VARIABLE = YES;
				IPHONEOS_DEPLOYMENT_TARGET = 13.7;
				MTL_ENABLE_DEBUG_INFO = INCLUDE_SOURCE;
				MTL_FAST_MATH = YES;
				ONLY_ACTIVE_ARCH = YES;
				SDKROOT = iphoneos;
				SWIFT_ACTIVE_COMPILATION_CONDITIONS = DEBUG;
				SWIFT_OPTIMIZATION_LEVEL = "-Onone";
			};
			name = Debug;
		};
		5B9ECF712517FA5900F231DE /* Release */ = {
			isa = XCBuildConfiguration;
			buildSettings = {
				ALWAYS_SEARCH_USER_PATHS = NO;
				CLANG_ANALYZER_NONNULL = YES;
				CLANG_ANALYZER_NUMBER_OBJECT_CONVERSION = YES_AGGRESSIVE;
				CLANG_CXX_LANGUAGE_STANDARD = "gnu++14";
				CLANG_CXX_LIBRARY = "libc++";
				CLANG_ENABLE_MODULES = YES;
				CLANG_ENABLE_OBJC_ARC = YES;
				CLANG_ENABLE_OBJC_WEAK = YES;
				CLANG_WARN_BLOCK_CAPTURE_AUTORELEASING = YES;
				CLANG_WARN_BOOL_CONVERSION = YES;
				CLANG_WARN_COMMA = YES;
				CLANG_WARN_CONSTANT_CONVERSION = YES;
				CLANG_WARN_DEPRECATED_OBJC_IMPLEMENTATIONS = YES;
				CLANG_WARN_DIRECT_OBJC_ISA_USAGE = YES_ERROR;
				CLANG_WARN_DOCUMENTATION_COMMENTS = YES;
				CLANG_WARN_EMPTY_BODY = YES;
				CLANG_WARN_ENUM_CONVERSION = YES;
				CLANG_WARN_INFINITE_RECURSION = YES;
				CLANG_WARN_INT_CONVERSION = YES;
				CLANG_WARN_NON_LITERAL_NULL_CONVERSION = YES;
				CLANG_WARN_OBJC_IMPLICIT_RETAIN_SELF = YES;
				CLANG_WARN_OBJC_LITERAL_CONVERSION = YES;
				CLANG_WARN_OBJC_ROOT_CLASS = YES_ERROR;
				CLANG_WARN_RANGE_LOOP_ANALYSIS = YES;
				CLANG_WARN_STRICT_PROTOTYPES = YES;
				CLANG_WARN_SUSPICIOUS_MOVE = YES;
				CLANG_WARN_UNGUARDED_AVAILABILITY = YES_AGGRESSIVE;
				CLANG_WARN_UNREACHABLE_CODE = YES;
				CLANG_WARN__DUPLICATE_METHOD_MATCH = YES;
				COPY_PHASE_STRIP = NO;
				DEBUG_INFORMATION_FORMAT = "dwarf-with-dsym";
				ENABLE_NS_ASSERTIONS = NO;
				ENABLE_STRICT_OBJC_MSGSEND = YES;
				GCC_C_LANGUAGE_STANDARD = gnu11;
				GCC_NO_COMMON_BLOCKS = YES;
				GCC_WARN_64_TO_32_BIT_CONVERSION = YES;
				GCC_WARN_ABOUT_RETURN_TYPE = YES_ERROR;
				GCC_WARN_UNDECLARED_SELECTOR = YES;
				GCC_WARN_UNINITIALIZED_AUTOS = YES_AGGRESSIVE;
				GCC_WARN_UNUSED_FUNCTION = YES;
				GCC_WARN_UNUSED_VARIABLE = YES;
				IPHONEOS_DEPLOYMENT_TARGET = 13.7;
				MTL_ENABLE_DEBUG_INFO = NO;
				MTL_FAST_MATH = YES;
				SDKROOT = iphoneos;
				SWIFT_COMPILATION_MODE = wholemodule;
				SWIFT_OPTIMIZATION_LEVEL = "-O";
				VALIDATE_PRODUCT = YES;
			};
			name = Release;
		};
		5B9ECF732517FA5900F231DE /* Debug */ = {
			isa = XCBuildConfiguration;
			buildSettings = {
				ASSETCATALOG_COMPILER_APPICON_NAME = AppIcon;
				CODE_SIGN_STYLE = Automatic;
				INFOPLIST_FILE = GorillaPost/Info.plist;
				LD_RUNPATH_SEARCH_PATHS = (
					"$(inherited)",
					"@executable_path/Frameworks",
				);
				PRODUCT_BUNDLE_IDENTIFIER = com.diego.GorillaPost;
				PRODUCT_NAME = "$(TARGET_NAME)";
				SWIFT_VERSION = 5.0;
				TARGETED_DEVICE_FAMILY = "1,2";
			};
			name = Debug;
		};
		5B9ECF742517FA5900F231DE /* Release */ = {
			isa = XCBuildConfiguration;
			buildSettings = {
				ASSETCATALOG_COMPILER_APPICON_NAME = AppIcon;
				CODE_SIGN_STYLE = Automatic;
				INFOPLIST_FILE = GorillaPost/Info.plist;
				LD_RUNPATH_SEARCH_PATHS = (
					"$(inherited)",
					"@executable_path/Frameworks",
				);
				PRODUCT_BUNDLE_IDENTIFIER = com.diego.GorillaPost;
				PRODUCT_NAME = "$(TARGET_NAME)";
				SWIFT_VERSION = 5.0;
				TARGETED_DEVICE_FAMILY = "1,2";
			};
			name = Release;
		};
/* End XCBuildConfiguration section */

/* Begin XCConfigurationList section */
		5B9ECF592517FA5600F231DE /* Build configuration list for PBXProject "GorillaPost" */ = {
			isa = XCConfigurationList;
			buildConfigurations = (
				5B9ECF702517FA5900F231DE /* Debug */,
				5B9ECF712517FA5900F231DE /* Release */,
			);
			defaultConfigurationIsVisible = 0;
			defaultConfigurationName = Release;
		};
		5B9ECF722517FA5900F231DE /* Build configuration list for PBXNativeTarget "GorillaPost" */ = {
			isa = XCConfigurationList;
			buildConfigurations = (
				5B9ECF732517FA5900F231DE /* Debug */,
				5B9ECF742517FA5900F231DE /* Release */,
			);
			defaultConfigurationIsVisible = 0;
			defaultConfigurationName = Release;
		};
/* End XCConfigurationList section */
	};
	rootObject = 5B9ECF562517FA5600F231DE /* Project object */;
}
